{
  "name": "ckanext-nswdesignsystem",
  "version": "1.0.0",
  "lockfileVersion": 3,
  "requires": true,
  "packages": {
    "": {
      "name": "ckanext-nswdesignsystem",
      "version": "1.0.0",
      "license": "ISC",
      "dependencies": {
        "nsw-design-system": "^3.8.0"
      }
    },
    "node_modules/@floating-ui/core": {
      "version": "1.3.1",
      "resolved": "https://registry.npmjs.org/@floating-ui/core/-/core-1.3.1.tgz",
      "integrity": "sha512-Bu+AMaXNjrpjh41znzHqaz3r2Nr8hHuHZT6V2LBKMhyMl0FgKA62PNYbqnfgmzOhoWZj70Zecisbo4H1rotP5g=="
    },
    "node_modules/@floating-ui/dom": {
      "version": "1.4.4",
      "resolved": "https://registry.npmjs.org/@floating-ui/dom/-/dom-1.4.4.tgz",
      "integrity": "sha512-21hhDEPOiWkGp0Ys4Wi6Neriah7HweToKra626CIK712B5m9qkdz54OP9gVldUg+URnBTpv/j/bi/skmGdstXQ==",
      "dependencies": {
        "@floating-ui/core": "^1.3.1"
      }
    },
    "node_modules/nsw-design-system": {
      "version": "3.8.0",
      "resolved": "https://registry.npmjs.org/nsw-design-system/-/nsw-design-system-3.8.0.tgz",
      "integrity": "sha512-6Y/xc0Uv+p0DjvaL42MSZeCtaftXtaIlh63h3ZoUZDW1nmDIQpPo3OCZbgktZp6M120iiuZCYVcPRTv3FfrNwA==",
      "dependencies": {
        "@floating-ui/dom": "^1.2.8"
      }
    }
  }
}
