{
  "name": "ckanext-nswdesignsystem",
  "version": "1.0.0",
  "lockfileVersion": 3,
  "requires": true,
  "packages": {
    "": {
      "name": "ckanext-nswdesignsystem",
      "version": "1.0.0",
      "license": "ISC",
      "dependencies": {
        "highlight.js": "github:highlightjs/highlight.js#11.8.0",
        "nsw-design-system": "^3.8.0"
      }
    },
    "node_modules/@floating-ui/core": {
      "version": "1.4.1",
      "resolved": "https://registry.npmjs.org/@floating-ui/core/-/core-1.4.1.tgz",
      "integrity": "sha512-jk3WqquEJRlcyu7997NtR5PibI+y5bi+LS3hPmguVClypenMsCY3CBa3LAQnozRCtCrYWSEtAdiskpamuJRFOQ==",
      "dependencies": {
        "@floating-ui/utils": "^0.1.1"
      }
    },
    "node_modules/@floating-ui/dom": {
      "version": "1.5.1",
      "resolved": "https://registry.npmjs.org/@floating-ui/dom/-/dom-1.5.1.tgz",
      "integrity": "sha512-KwvVcPSXg6mQygvA1TjbN/gh///36kKtllIF8SUm0qpFj8+rvYrpvlYdL1JoA71SHpDqgSSdGOSoQ0Mp3uY5aw==",
      "dependencies": {
        "@floating-ui/core": "^1.4.1",
        "@floating-ui/utils": "^0.1.1"
      }
    },
    "node_modules/@floating-ui/utils": {
      "version": "0.1.1",
      "resolved": "https://registry.npmjs.org/@floating-ui/utils/-/utils-0.1.1.tgz",
      "integrity": "sha512-m0G6wlnhm/AX0H12IOWtK8gASEMffnX08RtKkCgTdHb9JpHKGloI7icFfLg9ZmQeavcvR0PKmzxClyuFPSjKWw=="
    },
    "node_modules/highlight.js": {
      "version": "11.8.0",
      "resolved": "git+ssh://git@github.com/highlightjs/highlight.js.git#65687a907bb96557beb380a6b65542fb8de60137",
      "license": "BSD-3-Clause",
      "engines": {
        "node": ">=12.0.0"
      }
    },
    "node_modules/nsw-design-system": {
      "version": "3.9.2",
      "resolved": "https://registry.npmjs.org/nsw-design-system/-/nsw-design-system-3.9.2.tgz",
      "integrity": "sha512-XJxqY2XPCdTxz/O3wCJquzBIb4gAVUbFP1VZUOp0FLC+IX+laMpA91UuZBtRXm602RQiCK8HR4NgzVnUikyWhA==",
      "dependencies": {
        "@floating-ui/dom": "^1.2.8"
      }
    }
  }
}
